github.com/agl/ed25519 v0.0.0-20170116200512-5312a6153412 h1:w1UutsfOrms1J05zt7ISrnJIXKzwaspym5BTKGx93EI=
github.com/agl/ed25519 v0.0.0-20170116200512-5312a6153412/go.mod h1:WPjqKcmVOxf0XSf3YxCJs6N6AOSrOx3obionmG7T0y0=
github.com/davecgh/go-spew v1.1.1 h1:vj9j/u1bqnvCEfJOwUhtlOARqs3+rkHYY13jYWTU97c=
github.com/davecgh/go-spew v1.1.1/go.mod h1:J7Y8YcW2NihsgmVo/mv3lAwl/skON4iLHjSsI+c5H38=
github.com/dchest/siphash v1.2.3 h1:QXwFc8cFOR2dSa/gE6o/HokBMWtLUaNDVd+22aKHeEA=
github.com/dchest/siphash v1.2.3/go.mod h1:0NvQU092bT0ipiFN++/rXm69QG9tVxLAlQHIXMPAkHc=
github.com/decred/base58 v1.0.5 h1:hwcieUM3pfPnE/6p3J100zoRfGkQxBulZHo7GZfOqic=
github.com/decred/base58 v1.0.5/go.mod h1:s/8lukEHFA6bUQQb/v3rjUySJ2hu+RioCzLukAVkrfw=
github.com/decred/dcrd/crypto/blake256 v1.0.1 h1:7PltbUIQB7u/FfZ39+DGa/ShuMyJ5ilcvdfma9wOH6Y=
github.com/decred/dcrd/crypto/blake256 v1.0.1/go.mod h1:2OfgNZ5wDpcsFmHmCK5gZTPcCXqlm2ArzUIkw9czNJo=
github.com/decred/go-socks v1.1.0 h1:dnENcc0KIqQo3HSXdgboXAHgqsCIutkqq6ntQjYtm2U=
github.com/decred/go-socks v1.1.0/go.mod h1:sDhHqkZH0X4JjSa02oYOGhcGHYp12FsY1jQ/meV8md0=
github.com/decred/slog v1.2.0 h1:soHAxV52B54Di3WtKLfPum9OFfWqwtf/ygf9njdfnPM=
github.com/decred/slog v1.2.0/go.mod h1:kVXlGnt6DHy2fV5OjSeuvCJ0OmlmTF6LFpEPMu/fOY0=
github.com/golang/snappy v0.0.4 h1:yAGX7huGHXlcLOEtBnF4w7FQwA26wojNCwOYAEhLjQM=
github.com/golang/snappy v0.0.4/go.mod h1:/XxbfmMg8lxefKM7IXC3fBNl/7bRcc72aCRzEWrmP2Q=
github.com/gorilla/websocket v1.5.1 h1:gmztn0JnHVt9JZquRuzLw3g4wouNVzKL15iLr/zn/QY=
github.com/gorilla/websocket v1.5.1/go.mod h1:x3kM2JMyaluk02fnUJpQuwD2dCS5NDG2ZHL0uE0tcaY=
github.com/jessevdk/go-flags v1.6.1 h1:Cvu5U8UGrLay1rZfv/zP7iLpSHGUZ/Ou68T0iX1bBK4=
github.com/jessevdk/go-flags v1.6.1/go.mod h1:Mk8T1hIAWpOiJiHa9rJASDK2UGWji0EuPGBnNLMooyc=
github.com/klauspost/cpuid/v2 v2.0.9 h1:lgaqFMSdTdQYdZ04uHyN2d/eKdOMyi2YLSvlQIBFYa4=
github.com/klauspost/cpuid/v2 v2.0.9/go.mod h1:FInQzS24/EEf25PyTYn52gqo7WaD8xa0213Md/qVLRg=
github.com/monetarium/monetarium-node/blockchain/stake v1.3.9 h1:jbpVM2M8/Lzpbnq2/VLKzmJXKNzJC31Qz8GEuuHpdxI=
github.com/monetarium/monetarium-node/blockchain/stake v1.3.9/go.mod h1:Yc6o8J1fm4GUEeervedJdueTVVo6w86qoXd7Vy2vePw=
github.com/monetarium/monetarium-node/blockchain/standalone v1.3.9 h1:Q7HwuCOWYXcXOSrTcvkvfABhE9ufHDFdY/YoeHyiLy4=
github.com/monetarium/monetarium-node/blockchain/standalone v1.3.9/go.mod h1:ViRGSa1Eojpjzs09Z2utFcRb4EE8rHNUhmuLPFG0yOY=
github.com/monetarium/monetarium-node/chaincfg v1.3.9 h1:2uE3ryBWetcGb9j5TEcv3C4w8wIggceTCx8TNG1bphU=
github.com/monetarium/monetarium-node/chaincfg v1.3.9/go.mod h1:QMlZviJO7Y9OQZF3L8C/J+w5M9HDXN0ktySxkhSETGY=
github.com/monetarium/monetarium-node/chaincfg/chainhash v1.3.9 h1:pWhdl17VlgxzyKBZgQxabuUc0VeP8B2YlEHle9+5qlY=
github.com/monetarium/monetarium-node/chaincfg/chainhash v1.3.9/go.mod h1:ONzNJnw+HxHh9hpaumB7CdDNWTMrzd4v7JcUionMDDA=
github.com/monetarium/monetarium-node/cointype v1.3.9 h1:S6GEW8WnNTozvIQqFQAgcsX1vM5kof8oR7VmUxqXXV8=
github.com/monetarium/monetarium-node/cointype v1.3.9/go.mod h1:yhixKskK9FBKjKoH07NzgvEGPCOjW5iaLhgtfAO7808=
github.com/monetarium/monetarium-node/crypto/blake256 v1.3.9 h1:xIDJwnIOH0KxMKQFZjVs94RpKAIiiwAlOtLF66OthrU=
github.com/monetarium/monetarium-node/crypto/blake256 v1.3.9/go.mod h1:+dUk+/kJYZCEfhySioeBRQD7l8yHVm3Q3g7Gd3lRjHk=
github.com/monetarium/monetarium-node/crypto/rand v1.3.9 h1:xAS1pJ0JHIk6aimysbWMweZCwtiL7WDVUBvdFNxAdr0=
github.com/monetarium/monetarium-node/crypto/rand v1.3.9/go.mod h1:3fOYD2Kid37bBjUuVa0lZEIcHE8pFs7D2eNz4vdTo88=
github.com/monetarium/monetarium-node/crypto/ripemd160 v1.3.9 h1:Y8q1nnmIIUFdPaFVg+73p1M4zp082ooHysTQXZlab78=
github.com/monetarium/monetarium-node/crypto/ripemd160 v1.3.9/go.mod h1:5IaiDGHDPLi+4j30Ik9PwBthqhjhXGw54gCL3uU7dNo=
github.com/monetarium/monetarium-node/database v1.3.9 h1:9O+a1Vq+4+dmV9Y9ydTaJchnbfdVHP9/joL/tIVPug4=
github.com/monetarium/monetarium-node/database v1.3.9/go.mod h1:mjSSeLsIelKo366ji3FzhPc7Rz7sIub6dGy+BdyCSjo=
github.com/monetarium/monetarium-node/dcrec v1.3.9 h1:tfP7iNEr199kMI7g5BbyZl47SuNYEEdN5kVXPxJHpZI=
github.com/monetarium/monetarium-node/dcrec v1.3.9/go.mod h1:raW6YB1vSdu7TzY3x0usHwV4jZket1Oh9Wt4mGF/h7w=
github.com/monetarium/monetarium-node/dcrec/edwards v1.3.9 h1:BH4aoaoa0JD+ee5pHoSATy6kvizj/hNh+xt4dIX+RgQ=
github.com/monetarium/monetarium-node/dcrec/edwards v1.3.9/go.mod h1:OoTYFJIsj2/VKiqM9vCKNjQ8hxf2IL3o0z16P9oTiIQ=
github.com/monetarium/monetarium-node/dcrec/secp256k1 v1.3.9 h1:T74eCMz2JE4VMbr+Bm1kGDKz9PJxOJDFfsArZ20FZ5Q=
github.com/monetarium/monetarium-node/dcrec/secp256k1 v1.3.9/go.mod h1:w+eYtFII8m8Xz5V4kRVLscE/thlabMWmjBeR+dZjTTA=
github.com/monetarium/monetarium-node/dcrjson v1.3.9 h1:aClwOrSE3KUeO55Sk6dNR0s8POlR2xZkpP73TmLIXdA=
github.com/monetarium/monetarium-node/dcrjson v1.3.9/go.mod h1:LOzmooRTVuDwHAo36z1JIuXxprV1wFyJpP/l3S6toUk=
github.com/monetarium/monetarium-node/dcrutil v1.3.9 h1:bVLMWMU4JklvsZJdld87Du3k9Rmj415cA/gUflaGiEE=
github.com/monetarium/monetarium-node/dcrutil v1.3.9/go.mod h1:NNA8Y1AU7lfTXxV1e2x+PQOKf5qPTaICwerJBIx4p7g=
github.com/monetarium/monetarium-node/gcs v1.3.9 h1:LL/hE1eUh5wgY+hxYG4a8e11MrKDS0gp2rroxXsXYWk=
github.com/monetarium/monetarium-node/gcs v1.3.9/go.mod h1:vxxPjJPQOUGpq7c6zf0argtyIoaZalr9VKjVNUSDKTU=
github.com/monetarium/monetarium-node/rpc/jsonrpc/types v1.3.9 h1:0FwFKl6KpXBQGKiVSrey5AAXiCpdPilyGXis2nlroPA=
github.com/monetarium/monetarium-node/rpc/jsonrpc/types v1.3.9/go.mod h1:lhxQk5A8/+fyeRF8nYi1OgtfzuDRnwQbPepPySChsLk=
github.com/monetarium/monetarium-node/rpcclient v1.3.9 h1:ubeqLOzY0e7iMUi47na4ZAvxa0Bg2/CJ7tY3PZH9S38=
github.com/monetarium/monetarium-node/rpcclient v1.3.9/go.mod h1:xlcFFm+ojI13nxfXaEnchp9R3UaDLpxu/d/oFKaR9AU=
github.com/monetarium/monetarium-node/txscript v1.3.9 h1:zYksBiMih6n0zkwOYxc5YxRPMqMC6qfdIVtIEtC0IzA=
github.com/monetarium/monetarium-node/txscript v1.3.9/go.mod h1:Tu/pqpMXNf8FP8xp3d8WmDbJTr8XDcypYnbVOJrnTvc=
github.com/monetarium/monetarium-node/wire v1.3.9 h1:8jUZKFePXMwhf7U/4jqgG5AWjCMQ6qrHPComNXplqG8=
github.com/monetarium/monetarium-node/wire v1.3.9/go.mod h1:UuMbS3RwaEaO4d7NKSRduo/ZJAWIObYm/ZzMNkcBBR4=
github.com/syndtr/goleveldb v1.0.1-0.20210819022825-2ae1ddf74ef7 h1:epCh84lMvA70Z7CTTCmYQn2CKbY8j86K7/FAIr141uY=
github.com/syndtr/goleveldb v1.0.1-0.20210819022825-2ae1ddf74ef7/go.mod h1:q4W45IWZaF22tdD+VEXcAWRA037jwmWEB5VWYORlTpc=
golang.org/x/crypto v0.33.0 h1:IOBPskki6Lysi0lo9qQvbxiQ+FvsCC/YWOecCHAixus=
golang.org/x/crypto v0.33.0/go.mod h1:bVdXmD7IV/4GdElGPozy6U7lWdRXA4qyRVGJV57uQ5M=
golang.org/x/net v0.25.0 h1:d/OCCoBEUq33pjydKrGQhw7IlUPI2Oylr+8qLx49kac=
golang.org/x/net v0.25.0/go.mod h1:JkAGAh7GEvH74S6FOH42FLoXpXbE/aqXSrIQjXgsiwM=
golang.org/x/sys v0.30.0 h1:QjkSwP/36a20jFYWkSue1YwXzLmsV5Gfq7Eiy72C1uc=
golang.org/x/sys v0.30.0/go.mod h1:/VUhepiaJMQUp4+oa/7Zr1D23ma6VTLIYjOOTFZPUcA=
lukechampine.com/blake3 v1.3.0 h1:sJ3XhFINmHSrYCgl958hscfIa3bw8x4DqMP3u1YvoYE=
lukechampine.com/blake3 v1.3.0/go.mod h1:0OFRp7fBtAylGVCO40o87sbupkyIGgbpv1+M1k1LM6k=
